
Microsoft Visual Studio Solution File, Format Version 12.00
# Visual Studio Version 17
VisualStudioVersion = 17.3.32819.101
MinimumVisualStudioVersion = 10.0.40219.1
Project("{FAE04EC0-301F-11D3-BF4B-00C04F79EFBC}") = "AzureEventHubViewer", "AzureEventHubViewer\AzureEventHubViewer.csproj", "{92C9A6B1-295D-46DD-82FC-A13E4B225232}"
EndProject
Global
	GlobalSection(SolutionConfigurationPlatforms) = preSolution
		Debug|Any CPU = Debug|Any CPU
		Release|Any CPU = Release|Any CPU
	EndGlobalSection
	GlobalSection(ProjectConfigurationPlatforms) = postSolution
		{92C9A6B1-295D-46DD-82FC-A13E4B225232}.Debug|Any CPU.ActiveCfg = Debug|Any CPU
		{92C9A6B1-295D-46DD-82FC-A13E4B225232}.Debug|Any CPU.Build.0 = Debug|Any CPU
		{92C9A6B1-295D-46DD-82FC-A13E4B225232}.Release|Any CPU.ActiveCfg = Release|Any CPU
		{92C9A6B1-295D-46DD-82FC-A13E4B225232}.Release|Any CPU.Build.0 = Release|Any CPU
	EndGlobalSection
	GlobalSection(SolutionProperties) = preSolution
		HideSolutionNode = FALSE
	EndGlobalSection
	GlobalSection(ExtensibilityGlobals) = postSolution
		SolutionGuid = {E29DE1F7-A3E3-44D3-A16E-6CAF9C9D86EC}
	EndGlobalSection
EndGlobal
